Microsoft Visual Studio Solution File, Format Version 12.00
# Visual Studio 2012
Project("{FAE04EC0-301F-11D3-BF4B-00C04F79EFBC}") = "BrackeysTutorialGame", "BrackeysTutorialGame.csproj", "{95C29F51-29AA-4063-8B23-58D898FA8396}"
EndProject
Global
	GlobalSection(SolutionConfigurationPlatforms) = preSolution
	Debug|Any CPU = Debug|Any CPU
	ExportDebug|Any CPU = ExportDebug|Any CPU
	ExportRelease|Any CPU = ExportRelease|Any CPU
	EndGlobalSection
	GlobalSection(ProjectConfigurationPlatforms) = postSolution
		{95C29F51-29AA-4063-8B23-58D898FA8396}.Debug|Any CPU.ActiveCfg = Debug|Any CPU
		{95C29F51-29AA-4063-8B23-58D898FA8396}.Debug|Any CPU.Build.0 = Debug|Any CPU
		{95C29F51-29AA-4063-8B23-58D898FA8396}.ExportDebug|Any CPU.ActiveCfg = ExportDebug|Any CPU
		{95C29F51-29AA-4063-8B23-58D898FA8396}.ExportDebug|Any CPU.Build.0 = ExportDebug|Any CPU
		{95C29F51-29AA-4063-8B23-58D898FA8396}.ExportRelease|Any CPU.ActiveCfg = ExportRelease|Any CPU
		{95C29F51-29AA-4063-8B23-58D898FA8396}.ExportRelease|Any CPU.Build.0 = ExportRelease|Any CPU
	EndGlobalSection
EndGlobal
